
Microsoft Visual Studio Solution File, Format Version 12.00
# Visual Studio Version 17
VisualStudioVersion = 17.5.33530.505
MinimumVisualStudioVersion = 10.0.40219.1
Project("{9A19103F-16F7-4668-BE54-9A1E7A4F7556}") = "WebApplicationAPI", "WebApplicationAPI.csproj", "{666C3C20-6A85-4566-BF0F-703ADBB7F355}"
EndProject
Global
	GlobalSection(SolutionConfigurationPlatforms) = preSolution
		Debug|Any CPU = Debug|Any CPU
		Release|Any CPU = Release|Any CPU
	EndGlobalSection
	GlobalSection(ProjectConfigurationPlatforms) = postSolution
		{666C3C20-6A85-4566-BF0F-703ADBB7F355}.Debug|Any CPU.ActiveCfg = Debug|Any CPU
		{666C3C20-6A85-4566-BF0F-703ADBB7F355}.Debug|Any CPU.Build.0 = Debug|Any CPU
		{666C3C20-6A85-4566-BF0F-703ADBB7F355}.Release|Any CPU.ActiveCfg = Release|Any CPU
		{666C3C20-6A85-4566-BF0F-703ADBB7F355}.Release|Any CPU.Build.0 = Release|Any CPU
	EndGlobalSection
	GlobalSection(SolutionProperties) = preSolution
		HideSolutionNode = FALSE
	EndGlobalSection
	GlobalSection(ExtensibilityGlobals) = postSolution
		SolutionGuid = {543BF89C-2E90-4F13-8107-67CF59C45017}
	EndGlobalSection
EndGlobal
